
Microsoft Visual Studio Solution File, Format Version 12.00
Project("{FAE04EC0-301F-11D3-BF4B-00C04F79EFBC}") = "DxFeed.Graal.Net", "src\DxFeed.Graal.Net\DxFeed.Graal.Net.csproj", "{D61138CF-CEDB-4A2C-926F-BD4240CF6423}"
EndProject
Project("{FAE04EC0-301F-11D3-BF4B-00C04F79EFBC}") = "DxFeed.Graal.Net.Tools", "src\DxFeed.Graal.Net.Tools\DxFeed.Graal.Net.Tools.csproj", "{1F8765D9-1ED0-40EC-8239-B3E9F7BDF38C}"
EndProject
Project("{FAE04EC0-301F-11D3-BF4B-00C04F79EFBC}") = "DxFeed.Graal.Net.Tests", "tests\DxFeed.Graal.Net.Tests\DxFeed.Graal.Net.Tests.csproj", "{7F07BB95-9DB6-4331-BCCF-FBF441F8F3E2}"
EndProject
Project("{2150E333-8FDC-42A3-9474-1A3956D46DE8}") = "Samples", "Samples", "{C4490D74-2970-4A1B-8178-A724A06B140A}"
EndProject
Project("{FAE04EC0-301F-11D3-BF4B-00C04F79EFBC}") = "PrintQuoteEvents", "samples\PrintQuoteEvents\PrintQuoteEvents.csproj", "{73597E04-D8A8-4991-A759-7F886CBE2A8F}"
EndProject
Project("{FAE04EC0-301F-11D3-BF4B-00C04F79EFBC}") = "DxFeedConnect", "samples\DxFeedConnect\DxFeedConnect.csproj", "{2A8B6037-09FF-40DC-868F-A0ED54A46287}"
EndProject
Project("{2150E333-8FDC-42A3-9474-1A3956D46DE8}") = "Tests", "Tests", "{D8A3B3E7-CFFD-4113-862D-B9E9E7FF0BA5}"
EndProject
Project("{FAE04EC0-301F-11D3-BF4B-00C04F79EFBC}") = "WriteTapeFile", "samples\WriteTapeFile\WriteTapeFile.csproj", "{F06FDF6E-6BE8-4A72-A834-62AB1BAA6B7A}"
EndProject
Project("{FAE04EC0-301F-11D3-BF4B-00C04F79EFBC}") = "ConvertTapeFile", "samples\ConvertTapeFile\ConvertTapeFile.csproj", "{F9369083-EB43-455F-8944-07246E4FE6AC}"
EndProject
Project("{FAE04EC0-301F-11D3-BF4B-00C04F79EFBC}") = "DxFeedFileParser", "samples\DxFeedFileParser\DxFeedFileParser.csproj", "{62ED5ABC-B2A7-4CE3-8AE1-25AF185B47E9}"
EndProject
Project("{FAE04EC0-301F-11D3-BF4B-00C04F79EFBC}") = "DxFeedSample", "samples\DxFeedSample\DxFeedSample.csproj", "{ECD5E041-0FBF-475E-82A6-DE6384EF25A0}"
EndProject
Project("{FAE04EC0-301F-11D3-BF4B-00C04F79EFBC}") = "CandleSample", "samples\CandleSample\CandleSample.csproj", "{CECAB17A-9DBE-4A4E-8556-5747AB170714}"
EndProject
Project("{FAE04EC0-301F-11D3-BF4B-00C04F79EFBC}") = "DxFeedIpfConnect", "samples\DxFeedIpfConnect\DxFeedIpfConnect.csproj", "{62206DAF-999F-437A-AC18-1217ED14EB52}"
EndProject
Project("{FAE04EC0-301F-11D3-BF4B-00C04F79EFBC}") = "DxFeedLiveIpfSample", "samples\DxFeedLiveIpfSample\DxFeedLiveIpfSample.csproj", "{C2F0FF7C-4675-4D5F-AE90-0E8DA33A1EB8}"
EndProject
Project("{FAE04EC0-301F-11D3-BF4B-00C04F79EFBC}") = "FetchDailyCandles", "samples\FetchDailyCandles\FetchDailyCandles.csproj", "{0797D7A4-3572-457B-AAD9-3F26098D4BDD}"
EndProject
Project("{FAE04EC0-301F-11D3-BF4B-00C04F79EFBC}") = "ScheduleSample", "samples\ScheduleSample\ScheduleSample.csproj", "{119E7BB3-4B97-4824-9CA7-0D4C9B57590D}"
EndProject
Project("{FAE04EC0-301F-11D3-BF4B-00C04F79EFBC}") = "DxFeedReconnectSample", "samples\DxFeedReconnectSample\DxFeedReconnectSample.csproj", "{C457D53F-A033-465C-B250-A6CC60D02F98}"
EndProject
Project("{FAE04EC0-301F-11D3-BF4B-00C04F79EFBC}") = "SimpleAuthSample", "samples\SimpleAuthSample\SimpleAuthSample.csproj", "{B9088D14-10F6-4D88-876D-062B9F6494AB}"
EndProject
Global
	GlobalSection(SolutionConfigurationPlatforms) = preSolution
		Debug|Any CPU = Debug|Any CPU
		Release|Any CPU = Release|Any CPU
	EndGlobalSection
	GlobalSection(ProjectConfigurationPlatforms) = postSolution
		{D61138CF-CEDB-4A2C-926F-BD4240CF6423}.Debug|Any CPU.ActiveCfg = Debug|Any CPU
		{D61138CF-CEDB-4A2C-926F-BD4240CF6423}.Debug|Any CPU.Build.0 = Debug|Any CPU
		{D61138CF-CEDB-4A2C-926F-BD4240CF6423}.Release|Any CPU.ActiveCfg = Release|Any CPU
		{D61138CF-CEDB-4A2C-926F-BD4240CF6423}.Release|Any CPU.Build.0 = Release|Any CPU
		{1F8765D9-1ED0-40EC-8239-B3E9F7BDF38C}.Debug|Any CPU.ActiveCfg = Debug|Any CPU
		{1F8765D9-1ED0-40EC-8239-B3E9F7BDF38C}.Debug|Any CPU.Build.0 = Debug|Any CPU
		{1F8765D9-1ED0-40EC-8239-B3E9F7BDF38C}.Release|Any CPU.ActiveCfg = Release|Any CPU
		{1F8765D9-1ED0-40EC-8239-B3E9F7BDF38C}.Release|Any CPU.Build.0 = Release|Any CPU
		{7F07BB95-9DB6-4331-BCCF-FBF441F8F3E2}.Debug|Any CPU.ActiveCfg = Debug|Any CPU
		{7F07BB95-9DB6-4331-BCCF-FBF441F8F3E2}.Debug|Any CPU.Build.0 = Debug|Any CPU
		{7F07BB95-9DB6-4331-BCCF-FBF441F8F3E2}.Release|Any CPU.ActiveCfg = Release|Any CPU
		{7F07BB95-9DB6-4331-BCCF-FBF441F8F3E2}.Release|Any CPU.Build.0 = Release|Any CPU
		{73597E04-D8A8-4991-A759-7F886CBE2A8F}.Debug|Any CPU.ActiveCfg = Debug|Any CPU
		{73597E04-D8A8-4991-A759-7F886CBE2A8F}.Debug|Any CPU.Build.0 = Debug|Any CPU
		{73597E04-D8A8-4991-A759-7F886CBE2A8F}.Release|Any CPU.ActiveCfg = Release|Any CPU
		{73597E04-D8A8-4991-A759-7F886CBE2A8F}.Release|Any CPU.Build.0 = Release|Any CPU
		{2A8B6037-09FF-40DC-868F-A0ED54A46287}.Debug|Any CPU.ActiveCfg = Debug|Any CPU
		{2A8B6037-09FF-40DC-868F-A0ED54A46287}.Debug|Any CPU.Build.0 = Debug|Any CPU
		{2A8B6037-09FF-40DC-868F-A0ED54A46287}.Release|Any CPU.ActiveCfg = Release|Any CPU
		{2A8B6037-09FF-40DC-868F-A0ED54A46287}.Release|Any CPU.Build.0 = Release|Any CPU
		{F06FDF6E-6BE8-4A72-A834-62AB1BAA6B7A}.Debug|Any CPU.ActiveCfg = Debug|Any CPU
		{F06FDF6E-6BE8-4A72-A834-62AB1BAA6B7A}.Debug|Any CPU.Build.0 = Debug|Any CPU
		{F06FDF6E-6BE8-4A72-A834-62AB1BAA6B7A}.Release|Any CPU.ActiveCfg = Release|Any CPU
		{F06FDF6E-6BE8-4A72-A834-62AB1BAA6B7A}.Release|Any CPU.Build.0 = Release|Any CPU
		{F9369083-EB43-455F-8944-07246E4FE6AC}.Debug|Any CPU.ActiveCfg = Debug|Any CPU
		{F9369083-EB43-455F-8944-07246E4FE6AC}.Debug|Any CPU.Build.0 = Debug|Any CPU
		{F9369083-EB43-455F-8944-07246E4FE6AC}.Release|Any CPU.ActiveCfg = Release|Any CPU
		{F9369083-EB43-455F-8944-07246E4FE6AC}.Release|Any CPU.Build.0 = Release|Any CPU
		{62ED5ABC-B2A7-4CE3-8AE1-25AF185B47E9}.Debug|Any CPU.ActiveCfg = Debug|Any CPU
		{62ED5ABC-B2A7-4CE3-8AE1-25AF185B47E9}.Debug|Any CPU.Build.0 = Debug|Any CPU
		{62ED5ABC-B2A7-4CE3-8AE1-25AF185B47E9}.Release|Any CPU.ActiveCfg = Release|Any CPU
		{62ED5ABC-B2A7-4CE3-8AE1-25AF185B47E9}.Release|Any CPU.Build.0 = Release|Any CPU
		{ECD5E041-0FBF-475E-82A6-DE6384EF25A0}.Debug|Any CPU.ActiveCfg = Debug|Any CPU
		{ECD5E041-0FBF-475E-82A6-DE6384EF25A0}.Debug|Any CPU.Build.0 = Debug|Any CPU
		{ECD5E041-0FBF-475E-82A6-DE6384EF25A0}.Release|Any CPU.ActiveCfg = Release|Any CPU
		{ECD5E041-0FBF-475E-82A6-DE6384EF25A0}.Release|Any CPU.Build.0 = Release|Any CPU
		{CECAB17A-9DBE-4A4E-8556-5747AB170714}.Debug|Any CPU.ActiveCfg = Debug|Any CPU
		{CECAB17A-9DBE-4A4E-8556-5747AB170714}.Debug|Any CPU.Build.0 = Debug|Any CPU
		{CECAB17A-9DBE-4A4E-8556-5747AB170714}.Release|Any CPU.ActiveCfg = Release|Any CPU
		{CECAB17A-9DBE-4A4E-8556-5747AB170714}.Release|Any CPU.Build.0 = Release|Any CPU
		{62206DAF-999F-437A-AC18-1217ED14EB52}.Debug|Any CPU.ActiveCfg = Debug|Any CPU
		{62206DAF-999F-437A-AC18-1217ED14EB52}.Debug|Any CPU.Build.0 = Debug|Any CPU
		{62206DAF-999F-437A-AC18-1217ED14EB52}.Release|Any CPU.ActiveCfg = Release|Any CPU
		{62206DAF-999F-437A-AC18-1217ED14EB52}.Release|Any CPU.Build.0 = Release|Any CPU
		{C2F0FF7C-4675-4D5F-AE90-0E8DA33A1EB8}.Debug|Any CPU.ActiveCfg = Debug|Any CPU
		{C2F0FF7C-4675-4D5F-AE90-0E8DA33A1EB8}.Debug|Any CPU.Build.0 = Debug|Any CPU
		{C2F0FF7C-4675-4D5F-AE90-0E8DA33A1EB8}.Release|Any CPU.ActiveCfg = Release|Any CPU
		{C2F0FF7C-4675-4D5F-AE90-0E8DA33A1EB8}.Release|Any CPU.Build.0 = Release|Any CPU
		{0797D7A4-3572-457B-AAD9-3F26098D4BDD}.Debug|Any CPU.ActiveCfg = Debug|Any CPU
		{0797D7A4-3572-457B-AAD9-3F26098D4BDD}.Debug|Any CPU.Build.0 = Debug|Any CPU
		{0797D7A4-3572-457B-AAD9-3F26098D4BDD}.Release|Any CPU.ActiveCfg = Release|Any CPU
		{0797D7A4-3572-457B-AAD9-3F26098D4BDD}.Release|Any CPU.Build.0 = Release|Any CPU
		{119E7BB3-4B97-4824-9CA7-0D4C9B57590D}.Debug|Any CPU.ActiveCfg = Debug|Any CPU
		{119E7BB3-4B97-4824-9CA7-0D4C9B57590D}.Debug|Any CPU.Build.0 = Debug|Any CPU
		{119E7BB3-4B97-4824-9CA7-0D4C9B57590D}.Release|Any CPU.ActiveCfg = Release|Any CPU
		{119E7BB3-4B97-4824-9CA7-0D4C9B57590D}.Release|Any CPU.Build.0 = Release|Any CPU
		{C457D53F-A033-465C-B250-A6CC60D02F98}.Debug|Any CPU.ActiveCfg = Debug|Any CPU
		{C457D53F-A033-465C-B250-A6CC60D02F98}.Debug|Any CPU.Build.0 = Debug|Any CPU
		{C457D53F-A033-465C-B250-A6CC60D02F98}.Release|Any CPU.ActiveCfg = Release|Any CPU
		{C457D53F-A033-465C-B250-A6CC60D02F98}.Release|Any CPU.Build.0 = Release|Any CPU
		{B9088D14-10F6-4D88-876D-062B9F6494AB}.Debug|Any CPU.ActiveCfg = Debug|Any CPU
		{B9088D14-10F6-4D88-876D-062B9F6494AB}.Debug|Any CPU.Build.0 = Debug|Any CPU
		{B9088D14-10F6-4D88-876D-062B9F6494AB}.Release|Any CPU.ActiveCfg = Release|Any CPU
		{B9088D14-10F6-4D88-876D-062B9F6494AB}.Release|Any CPU.Build.0 = Release|Any CPU
	EndGlobalSection
	GlobalSection(NestedProjects) = preSolution
		{73597E04-D8A8-4991-A759-7F886CBE2A8F} = {C4490D74-2970-4A1B-8178-A724A06B140A}
		{2A8B6037-09FF-40DC-868F-A0ED54A46287} = {C4490D74-2970-4A1B-8178-A724A06B140A}
		{7F07BB95-9DB6-4331-BCCF-FBF441F8F3E2} = {D8A3B3E7-CFFD-4113-862D-B9E9E7FF0BA5}
		{F06FDF6E-6BE8-4A72-A834-62AB1BAA6B7A} = {C4490D74-2970-4A1B-8178-A724A06B140A}
		{F9369083-EB43-455F-8944-07246E4FE6AC} = {C4490D74-2970-4A1B-8178-A724A06B140A}
		{62ED5ABC-B2A7-4CE3-8AE1-25AF185B47E9} = {C4490D74-2970-4A1B-8178-A724A06B140A}
		{ECD5E041-0FBF-475E-82A6-DE6384EF25A0} = {C4490D74-2970-4A1B-8178-A724A06B140A}
		{CECAB17A-9DBE-4A4E-8556-5747AB170714} = {C4490D74-2970-4A1B-8178-A724A06B140A}
		{62206DAF-999F-437A-AC18-1217ED14EB52} = {C4490D74-2970-4A1B-8178-A724A06B140A}
		{C2F0FF7C-4675-4D5F-AE90-0E8DA33A1EB8} = {C4490D74-2970-4A1B-8178-A724A06B140A}
		{0797D7A4-3572-457B-AAD9-3F26098D4BDD} = {C4490D74-2970-4A1B-8178-A724A06B140A}
		{119E7BB3-4B97-4824-9CA7-0D4C9B57590D} = {C4490D74-2970-4A1B-8178-A724A06B140A}
		{C457D53F-A033-465C-B250-A6CC60D02F98} = {C4490D74-2970-4A1B-8178-A724A06B140A}
		{B9088D14-10F6-4D88-876D-062B9F6494AB} = {C4490D74-2970-4A1B-8178-A724A06B140A}
	EndGlobalSection
EndGlobal
